// !$*UTF8*$!
{
	archiveVersion = 1;
	classes = {
	};
	objectVersion = 50;
	objects = {

/* Begin PBXBuildFile section */
		1502644B230CDAFB0030FA7B /* GTListLoader.m in Sources */ = {isa = PBXBuildFile; fileRef = 1502644A230CDAFB0030FA7B /* GTListLoader.m */; };
		150349A3230E303F009F24DD /* GTListItem.m in Sources */ = {isa = PBXBuildFile; fileRef = 150349A2230E303F009F24DD /* GTListItem.m */; };
		1504C47F230FDC1D003E1672 /* GTVideoCoverView.m in Sources */ = {isa = PBXBuildFile; fileRef = 1504C47E230FDC1D003E1672 /* GTVideoCoverView.m */; };
		151D66CA22FC054600EED9F2 /* icon.bundle in Resources */ = {isa = PBXBuildFile; fileRef = 151D66C922FC054600EED9F2 /* icon.bundle */; };
		151D66CD22FD579400EED9F2 /* GTVideoViewController.m in Sources */ = {isa = PBXBuildFile; fileRef = 151D66CC22FD579400EED9F2 /* GTVideoViewController.m */; };
		158833AA230A72930066F810 /* GTDeleteCellView.m in Sources */ = {isa = PBXBuildFile; fileRef = 158833A9230A72930066F810 /* GTDeleteCellView.m */; };
		1599CBB023065B1000D7EEE0 /* GTDetailViewController.m in Sources */ = {isa = PBXBuildFile; fileRef = 1599CBAF23065B1000D7EEE0 /* GTDetailViewController.m */; };
		15B08FB122F1939200E57F2B /* AppDelegate.m in Sources */ = {isa = PBXBuildFile; fileRef = 15B08FB022F1939200E57F2B /* AppDelegate.m */; };
		15B08FB422F1939200E57F2B /* GTNewsViewController.m in Sources */ = {isa = PBXBuildFile; fileRef = 15B08FB322F1939200E57F2B /* GTNewsViewController.m */; };
		15B08FB722F1939200E57F2B /* Main.storyboard in Resources */ = {isa = PBXBuildFile; fileRef = 15B08FB522F1939200E57F2B /* Main.storyboard */; };
		15B08FB922F1939300E57F2B /* Assets.xcassets in Resources */ = {isa = PBXBuildFile; fileRef = 15B08FB822F1939300E57F2B /* Assets.xcassets */; };
		15B08FBC22F1939300E57F2B /* LaunchScreen.storyboard in Resources */ = {isa = PBXBuildFile; fileRef = 15B08FBA22F1939300E57F2B /* LaunchScreen.storyboard */; };
		15B08FBF22F1939300E57F2B /* main.m in Sources */ = {isa = PBXBuildFile; fileRef = 15B08FBE22F1939300E57F2B /* main.m */; };
		A141935323124F31001AB84E /* GTVideoPlayer.m in Sources */ = {isa = PBXBuildFile; fileRef = A141935223124F31001AB84E /* GTVideoPlayer.m */; };
		A18AD7F322FEA3C9006CE334 /* GTRecommendViewController.m in Sources */ = {isa = PBXBuildFile; fileRef = A18AD7F222FEA3C9006CE334 /* GTRecommendViewController.m */; };
		A1CDDE332300202C00BABD8A /* GTNormalTableViewCell.m in Sources */ = {isa = PBXBuildFile; fileRef = A1CDDE322300202C00BABD8A /* GTNormalTableViewCell.m */; };
		D45D2811108CDC756F8F7346 /* libPods-SampleApp.a in Frameworks */ = {isa = PBXBuildFile; fileRef = 0303683475F11521F540B39E /* libPods-SampleApp.a */; };
/* End PBXBuildFile section */

/* Begin PBXFileReference section */
		0303683475F11521F540B39E /* libPods-SampleApp.a */ = {isa = PBXFileReference; explicitFileType = archive.ar; includeInIndex = 0; path = "libPods-SampleApp.a"; sourceTree = BUILT_PRODUCTS_DIR; };
		0C19497BE23B66CCE6895DC7 /* Pods-SampleApp.debug.xcconfig */ = {isa = PBXFileReference; includeInIndex = 1; lastKnownFileType = text.xcconfig; name = "Pods-SampleApp.debug.xcconfig"; path = "Target Support Files/Pods-SampleApp/Pods-SampleApp.debug.xcconfig"; sourceTree = "<group>"; };
		15026449230CDAFB0030FA7B /* GTListLoader.h */ = {isa = PBXFileReference; lastKnownFileType = sourcecode.c.h; path = GTListLoader.h; sourceTree = "<group>"; };
		1502644A230CDAFB0030FA7B /* GTListLoader.m */ = {isa = PBXFileReference; lastKnownFileType = sourcecode.c.objc; path = GTListLoader.m; sourceTree = "<group>"; };
		150349A1230E303F009F24DD /* GTListItem.h */ = {isa = PBXFileReference; lastKnownFileType = sourcecode.c.h; path = GTListItem.h; sourceTree = "<group>"; };
		150349A2230E303F009F24DD /* GTListItem.m */ = {isa = PBXFileReference; lastKnownFileType = sourcecode.c.objc; path = GTListItem.m; sourceTree = "<group>"; };
		1504C47D230FDC1C003E1672 /* GTVideoCoverView.h */ = {isa = PBXFileReference; lastKnownFileType = sourcecode.c.h; path = GTVideoCoverView.h; sourceTree = "<group>"; };
		1504C47E230FDC1D003E1672 /* GTVideoCoverView.m */ = {isa = PBXFileReference; lastKnownFileType = sourcecode.c.objc; path = GTVideoCoverView.m; sourceTree = "<group>"; };
		151D66C922FC054600EED9F2 /* icon.bundle */ = {isa = PBXFileReference; lastKnownFileType = "wrapper.plug-in"; path = icon.bundle; sourceTree = "<group>"; };
		151D66CB22FD579400EED9F2 /* GTVideoViewController.h */ = {isa = PBXFileReference; lastKnownFileType = sourcecode.c.h; path = GTVideoViewController.h; sourceTree = "<group>"; };
		151D66CC22FD579400EED9F2 /* GTVideoViewController.m */ = {isa = PBXFileReference; lastKnownFileType = sourcecode.c.objc; path = GTVideoViewController.m; sourceTree = "<group>"; };
		158833A8230A72930066F810 /* GTDeleteCellView.h */ = {isa = PBXFileReference; lastKnownFileType = sourcecode.c.h; path = GTDeleteCellView.h; sourceTree = "<group>"; };
		158833A9230A72930066F810 /* GTDeleteCellView.m */ = {isa = PBXFileReference; lastKnownFileType = sourcecode.c.objc; path = GTDeleteCellView.m; sourceTree = "<group>"; };
		1599CBAE23065B1000D7EEE0 /* GTDetailViewController.h */ = {isa = PBXFileReference; lastKnownFileType = sourcecode.c.h; path = GTDetailViewController.h; sourceTree = "<group>"; };
		1599CBAF23065B1000D7EEE0 /* GTDetailViewController.m */ = {isa = PBXFileReference; lastKnownFileType = sourcecode.c.objc; path = GTDetailViewController.m; sourceTree = "<group>"; };
		15B08FAC22F1939200E57F2B /* SampleApp.app */ = {isa = PBXFileReference; explicitFileType = wrapper.application; includeInIndex = 0; path = SampleApp.app; sourceTree = BUILT_PRODUCTS_DIR; };
		15B08FAF22F1939200E57F2B /* AppDelegate.h */ = {isa = PBXFileReference; lastKnownFileType = sourcecode.c.h; path = AppDelegate.h; sourceTree = "<group>"; };
		15B08FB022F1939200E57F2B /* AppDelegate.m */ = {isa = PBXFileReference; lastKnownFileType = sourcecode.c.objc; path = AppDelegate.m; sourceTree = "<group>"; };
		15B08FB222F1939200E57F2B /* GTNewsViewController.h */ = {isa = PBXFileReference; lastKnownFileType = sourcecode.c.h; path = GTNewsViewController.h; sourceTree = "<group>"; };
		15B08FB322F1939200E57F2B /* GTNewsViewController.m */ = {isa = PBXFileReference; lastKnownFileType = sourcecode.c.objc; path = GTNewsViewController.m; sourceTree = "<group>"; };
		15B08FB622F1939200E57F2B /* Base */ = {isa = PBXFileReference; lastKnownFileType = file.storyboard; name = Base; path = Base.lproj/Main.storyboard; sourceTree = "<group>"; };
		15B08FB822F1939300E57F2B /* Assets.xcassets */ = {isa = PBXFileReference; lastKnownFileType = folder.assetcatalog; path = Assets.xcassets; sourceTree = "<group>"; };
		15B08FBB22F1939300E57F2B /* Base */ = {isa = PBXFileReference; lastKnownFileType = file.storyboard; name = Base; path = Base.lproj/LaunchScreen.storyboard; sourceTree = "<group>"; };
		15B08FBD22F1939300E57F2B /* Info.plist */ = {isa = PBXFileReference; lastKnownFileType = text.plist.xml; path = Info.plist; sourceTree = "<group>"; };
		15B08FBE22F1939300E57F2B /* main.m */ = {isa = PBXFileReference; lastKnownFileType = sourcecode.c.objc; path = main.m; sourceTree = "<group>"; };
		A141935123124F31001AB84E /* GTVideoPlayer.h */ = {isa = PBXFileReference; lastKnownFileType = sourcecode.c.h; path = GTVideoPlayer.h; sourceTree = "<group>"; };
		A141935223124F31001AB84E /* GTVideoPlayer.m */ = {isa = PBXFileReference; lastKnownFileType = sourcecode.c.objc; path = GTVideoPlayer.m; sourceTree = "<group>"; };
		A18AD7F122FEA3C9006CE334 /* GTRecommendViewController.h */ = {isa = PBXFileReference; lastKnownFileType = sourcecode.c.h; path = GTRecommendViewController.h; sourceTree = "<group>"; };
		A18AD7F222FEA3C9006CE334 /* GTRecommendViewController.m */ = {isa = PBXFileReference; lastKnownFileType = sourcecode.c.objc; path = GTRecommendViewController.m; sourceTree = "<group>"; };
		A1CDDE312300202C00BABD8A /* GTNormalTableViewCell.h */ = {isa = PBXFileReference; lastKnownFileType = sourcecode.c.h; path = GTNormalTableViewCell.h; sourceTree = "<group>"; };
		A1CDDE322300202C00BABD8A /* GTNormalTableViewCell.m */ = {isa = PBXFileReference; lastKnownFileType = sourcecode.c.objc; path = GTNormalTableViewCell.m; sourceTree = "<group>"; };
		FD5438D63E3CE98AEC7CA6B5 /* Pods-SampleApp.release.xcconfig */ = {isa = PBXFileReference; includeInIndex = 1; lastKnownFileType = text.xcconfig; name = "Pods-SampleApp.release.xcconfig"; path = "Target Support Files/Pods-SampleApp/Pods-SampleApp.release.xcconfig"; sourceTree = "<group>"; };
/* End PBXFileReference section */

/* Begin PBXFrameworksBuildPhase section */
		15B08FA922F1939200E57F2B /* Frameworks */ = {
			isa = PBXFrameworksBuildPhase;
			buildActionMask = 2147483647;
			files = (
				D45D2811108CDC756F8F7346 /* libPods-SampleApp.a in Frameworks */,
			);
			runOnlyForDeploymentPostprocessing = 0;
		};
/* End PBXFrameworksBuildPhase section */

/* Begin PBXGroup section */
		110ACEEE54A923ED293DEA3A /* Frameworks */ = {
			isa = PBXGroup;
			children = (
				0303683475F11521F540B39E /* libPods-SampleApp.a */,
			);
			name = Frameworks;
			sourceTree = "<group>";
		};
		15026448230CDA7F0030FA7B /* NewsController */ = {
			isa = PBXGroup;
			children = (
				150349A0230E2F8B009F24DD /* Controller */,
				1503499F230E2F61009F24DD /* View */,
				1503499E230E2F27009F24DD /* Model */,
				1502644D230CDD480030FA7B /* detail */,
			);
			path = NewsController;
			sourceTree = "<group>";
		};
		1502644D230CDD480030FA7B /* detail */ = {
			isa = PBXGroup;
			children = (
				1599CBAE23065B1000D7EEE0 /* GTDetailViewController.h */,
				1599CBAF23065B1000D7EEE0 /* GTDetailViewController.m */,
			);
			path = detail;
			sourceTree = "<group>";
		};
		1503499E230E2F27009F24DD /* Model */ = {
			isa = PBXGroup;
			children = (
				15026449230CDAFB0030FA7B /* GTListLoader.h */,
				1502644A230CDAFB0030FA7B /* GTListLoader.m */,
				150349A1230E303F009F24DD /* GTListItem.h */,
				150349A2230E303F009F24DD /* GTListItem.m */,
			);
			path = Model;
			sourceTree = "<group>";
		};
		1503499F230E2F61009F24DD /* View */ = {
			isa = PBXGroup;
			children = (
				A1CDDE312300202C00BABD8A /* GTNormalTableViewCell.h */,
				A1CDDE322300202C00BABD8A /* GTNormalTableViewCell.m */,
				158833A8230A72930066F810 /* GTDeleteCellView.h */,
				158833A9230A72930066F810 /* GTDeleteCellView.m */,
			);
			path = View;
			sourceTree = "<group>";
		};
		150349A0230E2F8B009F24DD /* Controller */ = {
			isa = PBXGroup;
			children = (
				15B08FB222F1939200E57F2B /* GTNewsViewController.h */,
				15B08FB322F1939200E57F2B /* GTNewsViewController.m */,
			);
			path = Controller;
			sourceTree = "<group>";
		};
		1504C47C230FC597003E1672 /* VideoController */ = {
			isa = PBXGroup;
			children = (
				151D66CB22FD579400EED9F2 /* GTVideoViewController.h */,
				151D66CC22FD579400EED9F2 /* GTVideoViewController.m */,
				1504C47D230FDC1C003E1672 /* GTVideoCoverView.h */,
				1504C47E230FDC1D003E1672 /* GTVideoCoverView.m */,
				A141935123124F31001AB84E /* GTVideoPlayer.h */,
				A141935223124F31001AB84E /* GTVideoPlayer.m */,
			);
			path = VideoController;
			sourceTree = "<group>";
		};
		1525A56869A169AE99AB0C0B /* Pods */ = {
			isa = PBXGroup;
			children = (
				0C19497BE23B66CCE6895DC7 /* Pods-SampleApp.debug.xcconfig */,
				FD5438D63E3CE98AEC7CA6B5 /* Pods-SampleApp.release.xcconfig */,
			);
			path = Pods;
			sourceTree = "<group>";
		};
		15B08FA322F1939200E57F2B = {
			isa = PBXGroup;
			children = (
				15B08FAE22F1939200E57F2B /* SampleApp */,
				15B08FAD22F1939200E57F2B /* Products */,
				1525A56869A169AE99AB0C0B /* Pods */,
				110ACEEE54A923ED293DEA3A /* Frameworks */,
			);
			sourceTree = "<group>";
		};
		15B08FAD22F1939200E57F2B /* Products */ = {
			isa = PBXGroup;
			children = (
				15B08FAC22F1939200E57F2B /* SampleApp.app */,
			);
			name = Products;
			sourceTree = "<group>";
		};
		15B08FAE22F1939200E57F2B /* SampleApp */ = {
			isa = PBXGroup;
			children = (
				1504C47C230FC597003E1672 /* VideoController */,
				15026448230CDA7F0030FA7B /* NewsController */,
				15B08FAF22F1939200E57F2B /* AppDelegate.h */,
				15B08FB022F1939200E57F2B /* AppDelegate.m */,
				15B08FB522F1939200E57F2B /* Main.storyboard */,
				151D66C922FC054600EED9F2 /* icon.bundle */,
				15B08FB822F1939300E57F2B /* Assets.xcassets */,
				15B08FBA22F1939300E57F2B /* LaunchScreen.storyboard */,
				15B08FBD22F1939300E57F2B /* Info.plist */,
				15B08FBE22F1939300E57F2B /* main.m */,
				A18AD7F122FEA3C9006CE334 /* GTRecommendViewController.h */,
				A18AD7F222FEA3C9006CE334 /* GTRecommendViewController.m */,
			);
			path = SampleApp;
			sourceTree = "<group>";
		};
/* End PBXGroup section */

/* Begin PBXNativeTarget section */
		15B08FAB22F1939200E57F2B /* SampleApp */ = {
			isa = PBXNativeTarget;
			buildConfigurationList = 15B08FC222F1939300E57F2B /* Build configuration list for PBXNativeTarget "SampleApp" */;
			buildPhases = (
				EC5227CDAC780F6E8F86213B /* [CP] Check Pods Manifest.lock */,
				15B08FA822F1939200E57F2B /* Sources */,
				15B08FA922F1939200E57F2B /* Frameworks */,
				15B08FAA22F1939200E57F2B /* Resources */,
			);
			buildRules = (
			);
			dependencies = (
			);
			name = SampleApp;
			productName = SampleApp;
			productReference = 15B08FAC22F1939200E57F2B /* SampleApp.app */;
			productType = "com.apple.product-type.application";
		};
/* End PBXNativeTarget section */

/* Begin PBXProject section */
		15B08FA422F1939200E57F2B /* Project object */ = {
			isa = PBXProject;
			attributes = {
				LastUpgradeCheck = 1030;
				ORGANIZATIONNAME = dianyi;
				TargetAttributes = {
					15B08FAB22F1939200E57F2B = {
						CreatedOnToolsVersion = 10.3;
					};
				};
			};
			buildConfigurationList = 15B08FA722F1939200E57F2B /* Build configuration list for PBXProject "SampleApp" */;
			compatibilityVersion = "Xcode 9.3";
			developmentRegion = en;
			hasScannedForEncodings = 0;
			knownRegions = (
				en,
				Base,
			);
			mainGroup = 15B08FA322F1939200E57F2B;
			productRefGroup = 15B08FAD22F1939200E57F2B /* Products */;
			projectDirPath = "";
			projectRoot = "";
			targets = (
				15B08FAB22F1939200E57F2B /* SampleApp */,
			);
		};
/* End PBXProject section */

/* Begin PBXResourcesBuildPhase section */
		15B08FAA22F1939200E57F2B /* Resources */ = {
			isa = PBXResourcesBuildPhase;
			buildActionMask = 2147483647;
			files = (
				151D66CA22FC054600EED9F2 /* icon.bundle in Resources */,
				15B08FBC22F1939300E57F2B /* LaunchScreen.storyboard in Resources */,
				15B08FB922F1939300E57F2B /* Assets.xcassets in Resources */,
				15B08FB722F1939200E57F2B /* Main.storyboard in Resources */,
			);
			runOnlyForDeploymentPostprocessing = 0;
		};
/* End PBXResourcesBuildPhase section */

/* Begin PBXShellScriptBuildPhase section */
		EC5227CDAC780F6E8F86213B /* [CP] Check Pods Manifest.lock */ = {
			isa = PBXShellScriptBuildPhase;
			buildActionMask = 2147483647;
			files = (
			);
			inputFileListPaths = (
			);
			inputPaths = (
				"${PODS_PODFILE_DIR_PATH}/Podfile.lock",
				"${PODS_ROOT}/Manifest.lock",
			);
			name = "[CP] Check Pods Manifest.lock";
			outputFileListPaths = (
			);
			outputPaths = (
				"$(DERIVED_FILE_DIR)/Pods-SampleApp-checkManifestLockResult.txt",
			);
			runOnlyForDeploymentPostprocessing = 0;
			shellPath = /bin/sh;
			shellScript = "diff \"${PODS_PODFILE_DIR_PATH}/Podfile.lock\" \"${PODS_ROOT}/Manifest.lock\" > /dev/null\nif [ $? != 0 ] ; then\n    # print error to STDERR\n    echo \"error: The sandbox is not in sync with the Podfile.lock. Run 'pod install' or update your CocoaPods installation.\" >&2\n    exit 1\nfi\n# This output is used by Xcode 'outputs' to avoid re-running this script phase.\necho \"SUCCESS\" > \"${SCRIPT_OUTPUT_FILE_0}\"\n";
			showEnvVarsInLog = 0;
		};
/* End PBXShellScriptBuildPhase section */

/* Begin PBXSourcesBuildPhase section */
		15B08FA822F1939200E57F2B /* Sources */ = {
			isa = PBXSourcesBuildPhase;
			buildActionMask = 2147483647;
			files = (
				15B08FB422F1939200E57F2B /* GTNewsViewController.m in Sources */,
				A141935323124F31001AB84E /* GTVideoPlayer.m in Sources */,
				15B08FBF22F1939300E57F2B /* main.m in Sources */,
				15B08FB122F1939200E57F2B /* AppDelegate.m in Sources */,
				150349A3230E303F009F24DD /* GTListItem.m in Sources */,
				1504C47F230FDC1D003E1672 /* GTVideoCoverView.m in Sources */,
				A1CDDE332300202C00BABD8A /* GTNormalTableViewCell.m in Sources */,
				1502644B230CDAFB0030FA7B /* GTListLoader.m in Sources */,
				1599CBB023065B1000D7EEE0 /* GTDetailViewController.m in Sources */,
				A18AD7F322FEA3C9006CE334 /* GTRecommendViewController.m in Sources */,
				158833AA230A72930066F810 /* GTDeleteCellView.m in Sources */,
				151D66CD22FD579400EED9F2 /* GTVideoViewController.m in Sources */,
			);
			runOnlyForDeploymentPostprocessing = 0;
		};
/* End PBXSourcesBuildPhase section */

/* Begin PBXVariantGroup section */
		15B08FB522F1939200E57F2B /* Main.storyboard */ = {
			isa = PBXVariantGroup;
			children = (
				15B08FB622F1939200E57F2B /* Base */,
			);
			name = Main.storyboard;
			sourceTree = "<group>";
		};
		15B08FBA22F1939300E57F2B /* LaunchScreen.storyboard */ = {
			isa = PBXVariantGroup;
			children = (
				15B08FBB22F1939300E57F2B /* Base */,
			);
			name = LaunchScreen.storyboard;
			sourceTree = "<group>";
		};
/* End PBXVariantGroup section */

/* Begin XCBuildConfiguration section */
		15B08FC022F1939300E57F2B /* Debug */ = {
			isa = XCBuildConfiguration;
			buildSettings = {
				ALWAYS_SEARCH_USER_PATHS = NO;
				CLANG_ANALYZER_NONNULL = YES;
				CLANG_ANALYZER_NUMBER_OBJECT_CONVERSION = YES_AGGRESSIVE;
				CLANG_CXX_LANGUAGE_STANDARD = "gnu++14";
				CLANG_CXX_LIBRARY = "libc++";
				CLANG_ENABLE_MODULES = YES;
				CLANG_ENABLE_OBJC_ARC = YES;
				CLANG_ENABLE_OBJC_WEAK = YES;
				CLANG_WARN_BLOCK_CAPTURE_AUTORELEASING = YES;
				CLANG_WARN_BOOL_CONVERSION = YES;
				CLANG_WARN_COMMA = YES;
				CLANG_WARN_CONSTANT_CONVERSION = YES;
				CLANG_WARN_DEPRECATED_OBJC_IMPLEMENTATIONS = YES;
				CLANG_WARN_DIRECT_OBJC_ISA_USAGE = YES_ERROR;
				CLANG_WARN_DOCUMENTATION_COMMENTS = YES;
				CLANG_WARN_EMPTY_BODY = YES;
				CLANG_WARN_ENUM_CONVERSION = YES;
				CLANG_WARN_INFINITE_RECURSION = YES;
				CLANG_WARN_INT_CONVERSION = YES;
				CLANG_WARN_NON_LITERAL_NULL_CONVERSION = YES;
				CLANG_WARN_OBJC_IMPLICIT_RETAIN_SELF = YES;
				CLANG_WARN_OBJC_LITERAL_CONVERSION = YES;
				CLANG_WARN_OBJC_ROOT_CLASS = YES_ERROR;
				CLANG_WARN_RANGE_LOOP_ANALYSIS = YES;
				CLANG_WARN_STRICT_PROTOTYPES = YES;
				CLANG_WARN_SUSPICIOUS_MOVE = YES;
				CLANG_WARN_UNGUARDED_AVAILABILITY = YES_AGGRESSIVE;
				CLANG_WARN_UNREACHABLE_CODE = YES;
				CLANG_WARN__DUPLICATE_METHOD_MATCH = YES;
				CODE_SIGN_IDENTITY = "iPhone Developer";
				COPY_PHASE_STRIP = NO;
				DEBUG_INFORMATION_FORMAT = dwarf;
				ENABLE_STRICT_OBJC_MSGSEND = YES;
				ENABLE_TESTABILITY = YES;
				GCC_C_LANGUAGE_STANDARD = gnu11;
				GCC_DYNAMIC_NO_PIC = NO;
				GCC_NO_COMMON_BLOCKS = YES;
				GCC_OPTIMIZATION_LEVEL = 0;
				GCC_PREPROCESSOR_DEFINITIONS = (
					"DEBUG=1",
					"$(inherited)",
				);
				GCC_WARN_64_TO_32_BIT_CONVERSION = YES;
				GCC_WARN_ABOUT_RETURN_TYPE = YES_ERROR;
				GCC_WARN_UNDECLARED_SELECTOR = YES;
				GCC_WARN_UNINITIALIZED_AUTOS = YES_AGGRESSIVE;
				GCC_WARN_UNUSED_FUNCTION = YES;
				GCC_WARN_UNUSED_VARIABLE = YES;
				IPHONEOS_DEPLOYMENT_TARGET = 12.4;
				MTL_ENABLE_DEBUG_INFO = INCLUDE_SOURCE;
				MTL_FAST_MATH = YES;
				ONLY_ACTIVE_ARCH = YES;
				SDKROOT = iphoneos;
			};
			name = Debug;
		};
		15B08FC122F1939300E57F2B /* Release */ = {
			isa = XCBuildConfiguration;
			buildSettings = {
				ALWAYS_SEARCH_USER_PATHS = NO;
				CLANG_ANALYZER_NONNULL = YES;
				CLANG_ANALYZER_NUMBER_OBJECT_CONVERSION = YES_AGGRESSIVE;
				CLANG_CXX_LANGUAGE_STANDARD = "gnu++14";
				CLANG_CXX_LIBRARY = "libc++";
				CLANG_ENABLE_MODULES = YES;
				CLANG_ENABLE_OBJC_ARC = YES;
				CLANG_ENABLE_OBJC_WEAK = YES;
				CLANG_WARN_BLOCK_CAPTURE_AUTORELEASING = YES;
				CLANG_WARN_BOOL_CONVERSION = YES;
				CLANG_WARN_COMMA = YES;
				CLANG_WARN_CONSTANT_CONVERSION = YES;
				CLANG_WARN_DEPRECATED_OBJC_IMPLEMENTATIONS = YES;
				CLANG_WARN_DIRECT_OBJC_ISA_USAGE = YES_ERROR;
				CLANG_WARN_DOCUMENTATION_COMMENTS = YES;
				CLANG_WARN_EMPTY_BODY = YES;
				CLANG_WARN_ENUM_CONVERSION = YES;
				CLANG_WARN_INFINITE_RECURSION = YES;
				CLANG_WARN_INT_CONVERSION = YES;
				CLANG_WARN_NON_LITERAL_NULL_CONVERSION = YES;
				CLANG_WARN_OBJC_IMPLICIT_RETAIN_SELF = YES;
				CLANG_WARN_OBJC_LITERAL_CONVERSION = YES;
				CLANG_WARN_OBJC_ROOT_CLASS = YES_ERROR;
				CLANG_WARN_RANGE_LOOP_ANALYSIS = YES;
				CLANG_WARN_STRICT_PROTOTYPES = YES;
				CLANG_WARN_SUSPICIOUS_MOVE = YES;
				CLANG_WARN_UNGUARDED_AVAILABILITY = YES_AGGRESSIVE;
				CLANG_WARN_UNREACHABLE_CODE = YES;
				CLANG_WARN__DUPLICATE_METHOD_MATCH = YES;
				CODE_SIGN_IDENTITY = "iPhone Developer";
				COPY_PHASE_STRIP = NO;
				DEBUG_INFORMATION_FORMAT = "dwarf-with-dsym";
				ENABLE_NS_ASSERTIONS = NO;
				ENABLE_STRICT_OBJC_MSGSEND = YES;
				GCC_C_LANGUAGE_STANDARD = gnu11;
				GCC_NO_COMMON_BLOCKS = YES;
				GCC_WARN_64_TO_32_BIT_CONVERSION = YES;
				GCC_WARN_ABOUT_RETURN_TYPE = YES_ERROR;
				GCC_WARN_UNDECLARED_SELECTOR = YES;
				GCC_WARN_UNINITIALIZED_AUTOS = YES_AGGRESSIVE;
				GCC_WARN_UNUSED_FUNCTION = YES;
				GCC_WARN_UNUSED_VARIABLE = YES;
				IPHONEOS_DEPLOYMENT_TARGET = 12.4;
				MTL_ENABLE_DEBUG_INFO = NO;
				MTL_FAST_MATH = YES;
				SDKROOT = iphoneos;
				VALIDATE_PRODUCT = YES;
			};
			name = Release;
		};
		15B08FC322F1939300E57F2B /* Debug */ = {
			isa = XCBuildConfiguration;
			baseConfigurationReference = 0C19497BE23B66CCE6895DC7 /* Pods-SampleApp.debug.xcconfig */;
			buildSettings = {
				ASSETCATALOG_COMPILER_APPICON_NAME = AppIcon;
				CODE_SIGN_STYLE = Automatic;
				DEVELOPMENT_TEAM = 84JV8F36TK;
				INFOPLIST_FILE = SampleApp/Info.plist;
				LD_RUNPATH_SEARCH_PATHS = (
					"$(inherited)",
					"@executable_path/Frameworks",
				);
				PRODUCT_BUNDLE_IDENTIFIER = cn.iotguard.SampleApp;
				PRODUCT_NAME = "$(TARGET_NAME)";
				TARGETED_DEVICE_FAMILY = "1,2";
			};
			name = Debug;
		};
		15B08FC422F1939300E57F2B /* Release */ = {
			isa = XCBuildConfiguration;
			baseConfigurationReference = FD5438D63E3CE98AEC7CA6B5 /* Pods-SampleApp.release.xcconfig */;
			buildSettings = {
				ASSETCATALOG_COMPILER_APPICON_NAME = AppIcon;
				CODE_SIGN_STYLE = Automatic;
				DEVELOPMENT_TEAM = 84JV8F36TK;
				INFOPLIST_FILE = SampleApp/Info.plist;
				LD_RUNPATH_SEARCH_PATHS = (
					"$(inherited)",
					"@executable_path/Frameworks",
				);
				PRODUCT_BUNDLE_IDENTIFIER = cn.iotguard.SampleApp;
				PRODUCT_NAME = "$(TARGET_NAME)";
				TARGETED_DEVICE_FAMILY = "1,2";
			};
			name = Release;
		};
/* End XCBuildConfiguration section */

/* Begin XCConfigurationList section */
		15B08FA722F1939200E57F2B /* Build configuration list for PBXProject "SampleApp" */ = {
			isa = XCConfigurationList;
			buildConfigurations = (
				15B08FC022F1939300E57F2B /* Debug */,
				15B08FC122F1939300E57F2B /* Release */,
			);
			defaultConfigurationIsVisible = 0;
			defaultConfigurationName = Release;
		};
		15B08FC222F1939300E57F2B /* Build configuration list for PBXNativeTarget "SampleApp" */ = {
			isa = XCConfigurationList;
			buildConfigurations = (
				15B08FC322F1939300E57F2B /* Debug */,
				15B08FC422F1939300E57F2B /* Release */,
			);
			defaultConfigurationIsVisible = 0;
			defaultConfigurationName = Release;
		};
/* End XCConfigurationList section */
	};
	rootObject = 15B08FA422F1939200E57F2B /* Project object */;
}
